// !$*UTF8*$!
{
	archiveVersion = 1;
	classes = {
	};
	objectVersion = 50;
	objects = {

/* Begin PBXBuildFile section */
		1DE6246625625F4D00FFABCC /* AppDelegate.swift in Sources */ = {isa = PBXBuildFile; fileRef = 1DE6246525625F4D00FFABCC /* AppDelegate.swift */; };
		1DE6246825625F4D00FFABCC /* SceneDelegate.swift in Sources */ = {isa = PBXBuildFile; fileRef = 1DE6246725625F4D00FFABCC /* SceneDelegate.swift */; };
		1DE6246A25625F4D00FFABCC /* ContentView.swift in Sources */ = {isa = PBXBuildFile; fileRef = 1DE6246925625F4D00FFABCC /* ContentView.swift */; };
		1DE6246C25625F5000FFABCC /* Assets.xcassets in Resources */ = {isa = PBXBuildFile; fileRef = 1DE6246B25625F5000FFABCC /* Assets.xcassets */; };
		1DE6246F25625F5000FFABCC /* Preview Assets.xcassets in Resources */ = {isa = PBXBuildFile; fileRef = 1DE6246E25625F5000FFABCC /* Preview Assets.xcassets */; };
		1DE6247225625F5000FFABCC /* LaunchScreen.storyboard in Resources */ = {isa = PBXBuildFile; fileRef = 1DE6247025625F5000FFABCC /* LaunchScreen.storyboard */; };
		1DE6247B25627A9700FFABCC /* WeatherButton.swift in Sources */ = {isa = PBXBuildFile; fileRef = 1DE6247A25627A9700FFABCC /* WeatherButton.swift */; };
/* End PBXBuildFile section */

/* Begin PBXFileReference section */
		1DE6246225625F4D00FFABCC /* SwiftUI_Weather.app */ = {isa = PBXFileReference; explicitFileType = wrapper.application; includeInIndex = 0; path = SwiftUI_Weather.app; sourceTree = BUILT_PRODUCTS_DIR; };
		1DE6246525625F4D00FFABCC /* AppDelegate.swift */ = {isa = PBXFileReference; lastKnownFileType = sourcecode.swift; path = AppDelegate.swift; sourceTree = "<group>"; };
		1DE6246725625F4D00FFABCC /* SceneDelegate.swift */ = {isa = PBXFileReference; lastKnownFileType = sourcecode.swift; path = SceneDelegate.swift; sourceTree = "<group>"; };
		1DE6246925625F4D00FFABCC /* ContentView.swift */ = {isa = PBXFileReference; lastKnownFileType = sourcecode.swift; path = ContentView.swift; sourceTree = "<group>"; };
		1DE6246B25625F5000FFABCC /* Assets.xcassets */ = {isa = PBXFileReference; lastKnownFileType = folder.assetcatalog; path = Assets.xcassets; sourceTree = "<group>"; };
		1DE6246E25625F5000FFABCC /* Preview Assets.xcassets */ = {isa = PBXFileReference; lastKnownFileType = folder.assetcatalog; path = "Preview Assets.xcassets"; sourceTree = "<group>"; };
		1DE6247125625F5000FFABCC /* Base */ = {isa = PBXFileReference; lastKnownFileType = file.storyboard; name = Base; path = Base.lproj/LaunchScreen.storyboard; sourceTree = "<group>"; };
		1DE6247325625F5000FFABCC /* Info.plist */ = {isa = PBXFileReference; lastKnownFileType = text.plist.xml; path = Info.plist; sourceTree = "<group>"; };
		1DE6247A25627A9700FFABCC /* WeatherButton.swift */ = {isa = PBXFileReference; lastKnownFileType = sourcecode.swift; path = WeatherButton.swift; sourceTree = "<group>"; };
/* End PBXFileReference section */

/* Begin PBXFrameworksBuildPhase section */
		1DE6245F25625F4D00FFABCC /* Frameworks */ = {
			isa = PBXFrameworksBuildPhase;
			buildActionMask = 2147483647;
			files = (
			);
			runOnlyForDeploymentPostprocessing = 0;
		};
/* End PBXFrameworksBuildPhase section */

/* Begin PBXGroup section */
		1DE6245925625F4D00FFABCC = {
			isa = PBXGroup;
			children = (
				1DE6246425625F4D00FFABCC /* SwiftUI_Weather */,
				1DE6246325625F4D00FFABCC /* Products */,
			);
			sourceTree = "<group>";
		};
		1DE6246325625F4D00FFABCC /* Products */ = {
			isa = PBXGroup;
			children = (
				1DE6246225625F4D00FFABCC /* SwiftUI_Weather.app */,
			);
			name = Products;
			sourceTree = "<group>";
		};
		1DE6246425625F4D00FFABCC /* SwiftUI_Weather */ = {
			isa = PBXGroup;
			children = (
				1DE6246525625F4D00FFABCC /* AppDelegate.swift */,
				1DE6246725625F4D00FFABCC /* SceneDelegate.swift */,
				1DE6246925625F4D00FFABCC /* ContentView.swift */,
				1DE6246B25625F5000FFABCC /* Assets.xcassets */,
				1DE6247025625F5000FFABCC /* LaunchScreen.storyboard */,
				1DE6247325625F5000FFABCC /* Info.plist */,
				1DE6246D25625F5000FFABCC /* Preview Content */,
				1DE6247A25627A9700FFABCC /* WeatherButton.swift */,
			);
			path = SwiftUI_Weather;
			sourceTree = "<group>";
		};
		1DE6246D25625F5000FFABCC /* Preview Content */ = {
			isa = PBXGroup;
			children = (
				1DE6246E25625F5000FFABCC /* Preview Assets.xcassets */,
			);
			path = "Preview Content";
			sourceTree = "<group>";
		};
/* End PBXGroup section */

/* Begin PBXNativeTarget section */
		1DE6246125625F4D00FFABCC /* SwiftUI_Weather */ = {
			isa = PBXNativeTarget;
			buildConfigurationList = 1DE6247625625F5000FFABCC /* Build configuration list for PBXNativeTarget "SwiftUI_Weather" */;
			buildPhases = (
				1DE6245E25625F4D00FFABCC /* Sources */,
				1DE6245F25625F4D00FFABCC /* Frameworks */,
				1DE6246025625F4D00FFABCC /* Resources */,
			);
			buildRules = (
			);
			dependencies = (
			);
			name = SwiftUI_Weather;
			productName = SwiftUI_Weather;
			productReference = 1DE6246225625F4D00FFABCC /* SwiftUI_Weather.app */;
			productType = "com.apple.product-type.application";
		};
/* End PBXNativeTarget section */

/* Begin PBXProject section */
		1DE6245A25625F4D00FFABCC /* Project object */ = {
			isa = PBXProject;
			attributes = {
				LastSwiftUpdateCheck = 1210;
				LastUpgradeCheck = 1210;
				TargetAttributes = {
					1DE6246125625F4D00FFABCC = {
						CreatedOnToolsVersion = 12.1;
					};
				};
			};
			buildConfigurationList = 1DE6245D25625F4D00FFABCC /* Build configuration list for PBXProject "SwiftUI_Weather" */;
			compatibilityVersion = "Xcode 9.3";
			developmentRegion = en;
			hasScannedForEncodings = 0;
			knownRegions = (
				en,
				Base,
			);
			mainGroup = 1DE6245925625F4D00FFABCC;
			productRefGroup = 1DE6246325625F4D00FFABCC /* Products */;
			projectDirPath = "";
			projectRoot = "";
			targets = (
				1DE6246125625F4D00FFABCC /* SwiftUI_Weather */,
			);
		};
/* End PBXProject section */

/* Begin PBXResourcesBuildPhase section */
		1DE6246025625F4D00FFABCC /* Resources */ = {
			isa = PBXResourcesBuildPhase;
			buildActionMask = 2147483647;
			files = (
				1DE6247225625F5000FFABCC /* LaunchScreen.storyboard in Resources */,
				1DE6246F25625F5000FFABCC /* Preview Assets.xcassets in Resources */,
				1DE6246C25625F5000FFABCC /* Assets.xcassets in Resources */,
			);
			runOnlyForDeploymentPostprocessing = 0;
		};
/* End PBXResourcesBuildPhase section */

/* Begin PBXSourcesBuildPhase section */
		1DE6245E25625F4D00FFABCC /* Sources */ = {
			isa = PBXSourcesBuildPhase;
			buildActionMask = 2147483647;
			files = (
				1DE6246625625F4D00FFABCC /* AppDelegate.swift in Sources */,
				1DE6246825625F4D00FFABCC /* SceneDelegate.swift in Sources */,
				1DE6247B25627A9700FFABCC /* WeatherButton.swift in Sources */,
				1DE6246A25625F4D00FFABCC /* ContentView.swift in Sources */,
			);
			runOnlyForDeploymentPostprocessing = 0;
		};
/* End PBXSourcesBuildPhase section */

/* Begin PBXVariantGroup section */
		1DE6247025625F5000FFABCC /* LaunchScreen.storyboard */ = {
			isa = PBXVariantGroup;
			children = (
				1DE6247125625F5000FFABCC /* Base */,
			);
			name = LaunchScreen.storyboard;
			sourceTree = "<group>";
		};
/* End PBXVariantGroup section */

/* Begin XCBuildConfiguration section */
		1DE6247425625F5000FFABCC /* Debug */ = {
			isa = XCBuildConfiguration;
			buildSettings = {
				ALWAYS_SEARCH_USER_PATHS = NO;
				CLANG_ANALYZER_NONNULL = YES;
				CLANG_ANALYZER_NUMBER_OBJECT_CONVERSION = YES_AGGRESSIVE;
				CLANG_CXX_LANGUAGE_STANDARD = "gnu++14";
				CLANG_CXX_LIBRARY = "libc++";
				CLANG_ENABLE_MODULES = YES;
				CLANG_ENABLE_OBJC_ARC = YES;
				CLANG_ENABLE_OBJC_WEAK = YES;
				CLANG_WARN_BLOCK_CAPTURE_AUTORELEASING = YES;
				CLANG_WARN_BOOL_CONVERSION = YES;
				CLANG_WARN_COMMA = YES;
				CLANG_WARN_CONSTANT_CONVERSION = YES;
				CLANG_WARN_DEPRECATED_OBJC_IMPLEMENTATIONS = YES;
				CLANG_WARN_DIRECT_OBJC_ISA_USAGE = YES_ERROR;
				CLANG_WARN_DOCUMENTATION_COMMENTS = YES;
				CLANG_WARN_EMPTY_BODY = YES;
				CLANG_WARN_ENUM_CONVERSION = YES;
				CLANG_WARN_INFINITE_RECURSION = YES;
				CLANG_WARN_INT_CONVERSION = YES;
				CLANG_WARN_NON_LITERAL_NULL_CONVERSION = YES;
				CLANG_WARN_OBJC_IMPLICIT_RETAIN_SELF = YES;
				CLANG_WARN_OBJC_LITERAL_CONVERSION = YES;
				CLANG_WARN_OBJC_ROOT_CLASS = YES_ERROR;
				CLANG_WARN_QUOTED_INCLUDE_IN_FRAMEWORK_HEADER = YES;
				CLANG_WARN_RANGE_LOOP_ANALYSIS = YES;
				CLANG_WARN_STRICT_PROTOTYPES = YES;
				CLANG_WARN_SUSPICIOUS_MOVE = YES;
				CLANG_WARN_UNGUARDED_AVAILABILITY = YES_AGGRESSIVE;
				CLANG_WARN_UNREACHABLE_CODE = YES;
				CLANG_WARN__DUPLICATE_METHOD_MATCH = YES;
				COPY_PHASE_STRIP = NO;
				DEBUG_INFORMATION_FORMAT = dwarf;
				ENABLE_STRICT_OBJC_MSGSEND = YES;
				ENABLE_TESTABILITY = YES;
				GCC_C_LANGUAGE_STANDARD = gnu11;
				GCC_DYNAMIC_NO_PIC = NO;
				GCC_NO_COMMON_BLOCKS = YES;
				GCC_OPTIMIZATION_LEVEL = 0;
				GCC_PREPROCESSOR_DEFINITIONS = (
					"DEBUG=1",
					"$(inherited)",
				);
				GCC_WARN_64_TO_32_BIT_CONVERSION = YES;
				GCC_WARN_ABOUT_RETURN_TYPE = YES_ERROR;
				GCC_WARN_UNDECLARED_SELECTOR = YES;
				GCC_WARN_UNINITIALIZED_AUTOS = YES_AGGRESSIVE;
				GCC_WARN_UNUSED_FUNCTION = YES;
				GCC_WARN_UNUSED_VARIABLE = YES;
				IPHONEOS_DEPLOYMENT_TARGET = 14.1;
				MTL_ENABLE_DEBUG_INFO = INCLUDE_SOURCE;
				MTL_FAST_MATH = YES;
				ONLY_ACTIVE_ARCH = YES;
				SDKROOT = iphoneos;
				SWIFT_ACTIVE_COMPILATION_CONDITIONS = DEBUG;
				SWIFT_OPTIMIZATION_LEVEL = "-Onone";
			};
			name = Debug;
		};
		1DE6247525625F5000FFABCC /* Release */ = {
			isa = XCBuildConfiguration;
			buildSettings = {
				ALWAYS_SEARCH_USER_PATHS = NO;
				CLANG_ANALYZER_NONNULL = YES;
				CLANG_ANALYZER_NUMBER_OBJECT_CONVERSION = YES_AGGRESSIVE;
				CLANG_CXX_LANGUAGE_STANDARD = "gnu++14";
				CLANG_CXX_LIBRARY = "libc++";
				CLANG_ENABLE_MODULES = YES;
				CLANG_ENABLE_OBJC_ARC = YES;
				CLANG_ENABLE_OBJC_WEAK = YES;
				CLANG_WARN_BLOCK_CAPTURE_AUTORELEASING = YES;
				CLANG_WARN_BOOL_CONVERSION = YES;
				CLANG_WARN_COMMA = YES;
				CLANG_WARN_CONSTANT_CONVERSION = YES;
				CLANG_WARN_DEPRECATED_OBJC_IMPLEMENTATIONS = YES;
				CLANG_WARN_DIRECT_OBJC_ISA_USAGE = YES_ERROR;
				CLANG_WARN_DOCUMENTATION_COMMENTS = YES;
				CLANG_WARN_EMPTY_BODY = YES;
				CLANG_WARN_ENUM_CONVERSION = YES;
				CLANG_WARN_INFINITE_RECURSION = YES;
				CLANG_WARN_INT_CONVERSION = YES;
				CLANG_WARN_NON_LITERAL_NULL_CONVERSION = YES;
				CLANG_WARN_OBJC_IMPLICIT_RETAIN_SELF = YES;
				CLANG_WARN_OBJC_LITERAL_CONVERSION = YES;
				CLANG_WARN_OBJC_ROOT_CLASS = YES_ERROR;
				CLANG_WARN_QUOTED_INCLUDE_IN_FRAMEWORK_HEADER = YES;
				CLANG_WARN_RANGE_LOOP_ANALYSIS = YES;
				CLANG_WARN_STRICT_PROTOTYPES = YES;
				CLANG_WARN_SUSPICIOUS_MOVE = YES;
				CLANG_WARN_UNGUARDED_AVAILABILITY = YES_AGGRESSIVE;
				CLANG_WARN_UNREACHABLE_CODE = YES;
				CLANG_WARN__DUPLICATE_METHOD_MATCH = YES;
				COPY_PHASE_STRIP = NO;
				DEBUG_INFORMATION_FORMAT = "dwarf-with-dsym";
				ENABLE_NS_ASSERTIONS = NO;
				ENABLE_STRICT_OBJC_MSGSEND = YES;
				GCC_C_LANGUAGE_STANDARD = gnu11;
				GCC_NO_COMMON_BLOCKS = YES;
				GCC_WARN_64_TO_32_BIT_CONVERSION = YES;
				GCC_WARN_ABOUT_RETURN_TYPE = YES_ERROR;
				GCC_WARN_UNDECLARED_SELECTOR = YES;
				GCC_WARN_UNINITIALIZED_AUTOS = YES_AGGRESSIVE;
				GCC_WARN_UNUSED_FUNCTION = YES;
				GCC_WARN_UNUSED_VARIABLE = YES;
				IPHONEOS_DEPLOYMENT_TARGET = 14.1;
				MTL_ENABLE_DEBUG_INFO = NO;
				MTL_FAST_MATH = YES;
				SDKROOT = iphoneos;
				SWIFT_COMPILATION_MODE = wholemodule;
				SWIFT_OPTIMIZATION_LEVEL = "-O";
				VALIDATE_PRODUCT = YES;
			};
			name = Release;
		};
		1DE6247725625F5000FFABCC /* Debug */ = {
			isa = XCBuildConfiguration;
			buildSettings = {
				ASSETCATALOG_COMPILER_APPICON_NAME = AppIcon;
				ASSETCATALOG_COMPILER_GLOBAL_ACCENT_COLOR_NAME = AccentColor;
				CODE_SIGN_STYLE = Automatic;
				DEVELOPMENT_ASSET_PATHS = "\"SwiftUI_Weather/Preview Content\"";
				ENABLE_PREVIEWS = YES;
				INFOPLIST_FILE = SwiftUI_Weather/Info.plist;
				LD_RUNPATH_SEARCH_PATHS = (
					"$(inherited)",
					"@executable_path/Frameworks",
				);
				PRODUCT_BUNDLE_IDENTIFIER = "Cona7.SwiftUI-Weather";
				PRODUCT_NAME = "$(TARGET_NAME)";
				SWIFT_VERSION = 5.0;
				TARGETED_DEVICE_FAMILY = "1,2";
			};
			name = Debug;
		};
		1DE6247825625F5000FFABCC /* Release */ = {
			isa = XCBuildConfiguration;
			buildSettings = {
				ASSETCATALOG_COMPILER_APPICON_NAME = AppIcon;
				ASSETCATALOG_COMPILER_GLOBAL_ACCENT_COLOR_NAME = AccentColor;
				CODE_SIGN_STYLE = Automatic;
				DEVELOPMENT_ASSET_PATHS = "\"SwiftUI_Weather/Preview Content\"";
				ENABLE_PREVIEWS = YES;
				INFOPLIST_FILE = SwiftUI_Weather/Info.plist;
				LD_RUNPATH_SEARCH_PATHS = (
					"$(inherited)",
					"@executable_path/Frameworks",
				);
				PRODUCT_BUNDLE_IDENTIFIER = "Cona7.SwiftUI-Weather";
				PRODUCT_NAME = "$(TARGET_NAME)";
				SWIFT_VERSION = 5.0;
				TARGETED_DEVICE_FAMILY = "1,2";
			};
			name = Release;
		};
/* End XCBuildConfiguration section */

/* Begin XCConfigurationList section */
		1DE6245D25625F4D00FFABCC /* Build configuration list for PBXProject "SwiftUI_Weather" */ = {
			isa = XCConfigurationList;
			buildConfigurations = (
				1DE6247425625F5000FFABCC /* Debug */,
				1DE6247525625F5000FFABCC /* Release */,
			);
			defaultConfigurationIsVisible = 0;
			defaultConfigurationName = Release;
		};
		1DE6247625625F5000FFABCC /* Build configuration list for PBXNativeTarget "SwiftUI_Weather" */ = {
			isa = XCConfigurationList;
			buildConfigurations = (
				1DE6247725625F5000FFABCC /* Debug */,
				1DE6247825625F5000FFABCC /* Release */,
			);
			defaultConfigurationIsVisible = 0;
			defaultConfigurationName = Release;
		};
/* End XCConfigurationList section */
	};
	rootObject = 1DE6245A25625F4D00FFABCC /* Project object */;
}
